# THIS IS AN AUTOGENERATED FILE. DO NOT EDIT THIS FILE DIRECTLY.
# yarn lockfile v1


"@mongez/events@1.0.x":
  version "1.0.9"
  resolved "https://registry.yarnpkg.com/@mongez/events/-/events-1.0.9.tgz#8d9c3d3830c5973740b76869ac3a08d64a7fbdbc"
  integrity sha512-6vJaOeG6RE2Tzv9MsWVfBAqr5K/qESpymhlTPca5qs0bX4MGhHxAcBthhqByf6MJlAXwTGbBzoe9kmE6wGp3VA==

"@mongez/events@^2.0.0":
  version "2.0.0"
  resolved "https://registry.yarnpkg.com/@mongez/events/-/events-2.0.0.tgz#8d40edf1453cc113c67e4f7e892db8ab52b0c44e"
  integrity sha512-ReT+vlOK+8sQVarzCba6+6Ct2OFPNn78gO8bYdHqgBM5WZXVBysShWhjyInft7nbnwqlpfH0GTs+WNXLv5cjgg==

"@mongez/localization@^2.1.2":
  version "2.1.2"
  resolved "https://registry.yarnpkg.com/@mongez/localization/-/localization-2.1.2.tgz#997ecde813f488b80cdf5c24f1153f7027e168ea"
  integrity sha512-S/xthJ/LALpCTwprhollyQvVi2WH2XdokNCazNAAS+OM2ktKaLTDE8Je0j99haV8nhWpDAtg18Rg+nhA+ZIG7Q==
  dependencies:
    "@mongez/events" "1.0.x"
    "@mongez/reinforcements" "2.x.x"

"@mongez/reinforcements@2.x.x":
  version "2.2.7"
  resolved "https://registry.yarnpkg.com/@mongez/reinforcements/-/reinforcements-2.2.7.tgz#47a231aa1efca1a6e74b17cda7be98e5e0572e59"
  integrity sha512-KHYkw4kHQEbSUOiukhsaA4k/LzZDfRTDnbCPHs6MBAvXVgdk98UxZWhbiB3+3ZDXfZxqhmZmcyz2DDyRdrl8Lg==
  dependencies:
    "@mongez/supportive-is" "^1.0.6"

"@mongez/supportive-is@^1.0.6":
  version "1.0.11"
  resolved "https://registry.yarnpkg.com/@mongez/supportive-is/-/supportive-is-1.0.11.tgz#f7ad24791f226d9b6fdaf10068e0616a3bdef254"
  integrity sha512-k+12bFyNFZHK4OcqeXnTv3oO6Hx89jqV8lnUCe4NvF3kF7SS092NZdEGegREtrOmtoKmsD1VvNjvmjeVqNg+mQ==

"js-tokens@^3.0.0 || ^4.0.0":
  version "4.0.0"
  resolved "https://registry.yarnpkg.com/js-tokens/-/js-tokens-4.0.0.tgz#19203fb59991df98e3a287050d4647cdeaf32499"
  integrity sha512-RdJUflcE3cUzKiMqQgsCu06FPu9UdIJO0beYbPhHN4k6apgJtifcoCtT9bcxOpYBtpD2kCM6Sbzg4CausW/PKQ==

loose-envify@^1.1.0:
  version "1.4.0"
  resolved "https://registry.yarnpkg.com/loose-envify/-/loose-envify-1.4.0.tgz#71ee51fa7be4caec1a63839f7e682d8132d30caf"
  integrity sha512-lyuxPGr/Wfhrlem2CL/UcnUc1zcqKAImBDzukY7Y5F/yQiNdko6+fRLevlw1HgMySw7f611UIY408EtxRSoK3Q==
  dependencies:
    js-tokens "^3.0.0 || ^4.0.0"

react@^18.2.0:
  version "18.2.0"
  resolved "https://registry.yarnpkg.com/react/-/react-18.2.0.tgz#555bd98592883255fa00de14f1151a917b5d77d5"
  integrity sha512-/3IjMdb2L9QbBdWiW5e3P2/npwMBaU9mHCSCUzNln0ZCYbcfTsGbTJrU/kGemdH2IWmB2ioZ+zkxtmq6g09fGQ==
  dependencies:
    loose-envify "^1.1.0"
